// !$*UTF8*$!
{
	archiveVersion = 1;
	classes = {
	};
	objectVersion = 46;
	objects = {

/* Begin PBXBuildFile section */
		1BE5E5BD1AAB36FA00B2F27B /* AppDelegate.m in Sources */ = {isa = PBXBuildFile; fileRef = 1BE5E5BC1AAB36FA00B2F27B /* AppDelegate.m */; };
		1BE5E5BF1AAB36FA00B2F27B /* main.m in Sources */ = {isa = PBXBuildFile; fileRef = 1BE5E5BE1AAB36FA00B2F27B /* main.m */; };
		1BE5E5C11AAB36FA00B2F27B /* Images.xcassets in Resources */ = {isa = PBXBuildFile; fileRef = 1BE5E5C01AAB36FA00B2F27B /* Images.xcassets */; };
		1BE5E5C41AAB36FA00B2F27B /* MainMenu.xib in Resources */ = {isa = PBXBuildFile; fileRef = 1BE5E5C21AAB36FA00B2F27B /* MainMenu.xib */; };
		1BE5E5D01AAB36FB00B2F27B /* Example1Tests.m in Sources */ = {isa = PBXBuildFile; fileRef = 1BE5E5CF1AAB36FB00B2F27B /* Example1Tests.m */; };
		1BE5E5DA1AAB3A2700B2F27B /* GUITestSupport.m in Sources */ = {isa = PBXBuildFile; fileRef = 1BE5E5D91AAB3A2600B2F27B /* GUITestSupport.m */; };
		1BE5E6101AAB549000B2F27B /* LogTextField.m in Sources */ = {isa = PBXBuildFile; fileRef = 1BE5E60F1AAB549000B2F27B /* LogTextField.m */; };
/* End PBXBuildFile section */

/* Begin PBXContainerItemProxy section */
		1BE5E5CA1AAB36FB00B2F27B /* PBXContainerItemProxy */ = {
			isa = PBXContainerItemProxy;
			containerPortal = 1BE5E5AE1AAB36FA00B2F27B /* Project object */;
			proxyType = 1;
			remoteGlobalIDString = 1BE5E5B51AAB36FA00B2F27B;
			remoteInfo = Example1;
		};
/* End PBXContainerItemProxy section */

/* Begin PBXFileReference section */
		1BE5E5B61AAB36FA00B2F27B /* Example1.app */ = {isa = PBXFileReference; explicitFileType = wrapper.application; includeInIndex = 0; path = Example1.app; sourceTree = BUILT_PRODUCTS_DIR; };
		1BE5E5BA1AAB36FA00B2F27B /* Info.plist */ = {isa = PBXFileReference; lastKnownFileType = text.plist.xml; path = Info.plist; sourceTree = "<group>"; };
		1BE5E5BB1AAB36FA00B2F27B /* AppDelegate.h */ = {isa = PBXFileReference; lastKnownFileType = sourcecode.c.h; path = AppDelegate.h; sourceTree = "<group>"; };
		1BE5E5BC1AAB36FA00B2F27B /* AppDelegate.m */ = {isa = PBXFileReference; lastKnownFileType = sourcecode.c.objc; path = AppDelegate.m; sourceTree = "<group>"; };
		1BE5E5BE1AAB36FA00B2F27B /* main.m */ = {isa = PBXFileReference; lastKnownFileType = sourcecode.c.objc; path = main.m; sourceTree = "<group>"; };
		1BE5E5C01AAB36FA00B2F27B /* Images.xcassets */ = {isa = PBXFileReference; lastKnownFileType = folder.assetcatalog; path = Images.xcassets; sourceTree = "<group>"; };
		1BE5E5C31AAB36FA00B2F27B /* Base */ = {isa = PBXFileReference; lastKnownFileType = file.xib; name = Base; path = Base.lproj/MainMenu.xib; sourceTree = "<group>"; };
		1BE5E5C91AAB36FB00B2F27B /* Example1Tests.xctest */ = {isa = PBXFileReference; explicitFileType = wrapper.cfbundle; includeInIndex = 0; path = Example1Tests.xctest; sourceTree = BUILT_PRODUCTS_DIR; };
		1BE5E5CE1AAB36FB00B2F27B /* Info.plist */ = {isa = PBXFileReference; lastKnownFileType = text.plist.xml; path = Info.plist; sourceTree = "<group>"; };
		1BE5E5CF1AAB36FB00B2F27B /* Example1Tests.m */ = {isa = PBXFileReference; lastKnownFileType = sourcecode.c.objc; path = Example1Tests.m; sourceTree = "<group>"; };
		1BE5E5D91AAB3A2600B2F27B /* GUITestSupport.m */ = {isa = PBXFileReference; fileEncoding = 4; lastKnownFileType = sourcecode.c.objc; name = GUITestSupport.m; path = ../../../GUITestSupport.m; sourceTree = "<group>"; };
		1BE5E5DB1AAB3AC200B2F27B /* GUITestSupport.h */ = {isa = PBXFileReference; fileEncoding = 4; lastKnownFileType = sourcecode.c.h; name = GUITestSupport.h; path = ../../../GUITestSupport.h; sourceTree = "<group>"; };
		1BE5E60E1AAB549000B2F27B /* LogTextField.h */ = {isa = PBXFileReference; fileEncoding = 4; lastKnownFileType = sourcecode.c.h; path = LogTextField.h; sourceTree = "<group>"; };
		1BE5E60F1AAB549000B2F27B /* LogTextField.m */ = {isa = PBXFileReference; fileEncoding = 4; lastKnownFileType = sourcecode.c.objc; path = LogTextField.m; sourceTree = "<group>"; };
/* End PBXFileReference section */

/* Begin PBXFrameworksBuildPhase section */
		1BE5E5B31AAB36FA00B2F27B /* Frameworks */ = {
			isa = PBXFrameworksBuildPhase;
			buildActionMask = 2147483647;
			files = (
			);
			runOnlyForDeploymentPostprocessing = 0;
		};
		1BE5E5C61AAB36FB00B2F27B /* Frameworks */ = {
			isa = PBXFrameworksBuildPhase;
			buildActionMask = 2147483647;
			files = (
			);
			runOnlyForDeploymentPostprocessing = 0;
		};
/* End PBXFrameworksBuildPhase section */

/* Begin PBXGroup section */
		1BE5E5AD1AAB36FA00B2F27B = {
			isa = PBXGroup;
			children = (
				1BE5E5B81AAB36FA00B2F27B /* Example1 */,
				1BE5E5CC1AAB36FB00B2F27B /* Example1Tests */,
				1BE5E5B71AAB36FA00B2F27B /* Products */,
			);
			sourceTree = "<group>";
		};
		1BE5E5B71AAB36FA00B2F27B /* Products */ = {
			isa = PBXGroup;
			children = (
				1BE5E5B61AAB36FA00B2F27B /* Example1.app */,
				1BE5E5C91AAB36FB00B2F27B /* Example1Tests.xctest */,
			);
			name = Products;
			sourceTree = "<group>";
		};
		1BE5E5B81AAB36FA00B2F27B /* Example1 */ = {
			isa = PBXGroup;
			children = (
				1BE5E5BB1AAB36FA00B2F27B /* AppDelegate.h */,
				1BE5E5BC1AAB36FA00B2F27B /* AppDelegate.m */,
				1BE5E60E1AAB549000B2F27B /* LogTextField.h */,
				1BE5E60F1AAB549000B2F27B /* LogTextField.m */,
				1BE5E5C01AAB36FA00B2F27B /* Images.xcassets */,
				1BE5E5C21AAB36FA00B2F27B /* MainMenu.xib */,
				1BE5E5B91AAB36FA00B2F27B /* Supporting Files */,
			);
			path = Example1;
			sourceTree = "<group>";
		};
		1BE5E5B91AAB36FA00B2F27B /* Supporting Files */ = {
			isa = PBXGroup;
			children = (
				1BE5E5BA1AAB36FA00B2F27B /* Info.plist */,
				1BE5E5BE1AAB36FA00B2F27B /* main.m */,
			);
			name = "Supporting Files";
			sourceTree = "<group>";
		};
		1BE5E5CC1AAB36FB00B2F27B /* Example1Tests */ = {
			isa = PBXGroup;
			children = (
				1BE5E5D91AAB3A2600B2F27B /* GUITestSupport.m */,
				1BE5E5DB1AAB3AC200B2F27B /* GUITestSupport.h */,
				1BE5E5CF1AAB36FB00B2F27B /* Example1Tests.m */,
				1BE5E5CD1AAB36FB00B2F27B /* Supporting Files */,
			);
			path = Example1Tests;
			sourceTree = "<group>";
		};
		1BE5E5CD1AAB36FB00B2F27B /* Supporting Files */ = {
			isa = PBXGroup;
			children = (
				1BE5E5CE1AAB36FB00B2F27B /* Info.plist */,
			);
			name = "Supporting Files";
			sourceTree = "<group>";
		};
/* End PBXGroup section */

/* Begin PBXNativeTarget section */
		1BE5E5B51AAB36FA00B2F27B /* Example1 */ = {
			isa = PBXNativeTarget;
			buildConfigurationList = 1BE5E5D31AAB36FB00B2F27B /* Build configuration list for PBXNativeTarget "Example1" */;
			buildPhases = (
				1BE5E5B21AAB36FA00B2F27B /* Sources */,
				1BE5E5B31AAB36FA00B2F27B /* Frameworks */,
				1BE5E5B41AAB36FA00B2F27B /* Resources */,
			);
			buildRules = (
			);
			dependencies = (
			);
			name = Example1;
			productName = Example1;
			productReference = 1BE5E5B61AAB36FA00B2F27B /* Example1.app */;
			productType = "com.apple.product-type.application";
		};
		1BE5E5C81AAB36FB00B2F27B /* Example1Tests */ = {
			isa = PBXNativeTarget;
			buildConfigurationList = 1BE5E5D61AAB36FB00B2F27B /* Build configuration list for PBXNativeTarget "Example1Tests" */;
			buildPhases = (
				1BE5E5C51AAB36FB00B2F27B /* Sources */,
				1BE5E5C61AAB36FB00B2F27B /* Frameworks */,
				1BE5E5C71AAB36FB00B2F27B /* Resources */,
			);
			buildRules = (
			);
			dependencies = (
				1BE5E5CB1AAB36FB00B2F27B /* PBXTargetDependency */,
			);
			name = Example1Tests;
			productName = Example1Tests;
			productReference = 1BE5E5C91AAB36FB00B2F27B /* Example1Tests.xctest */;
			productType = "com.apple.product-type.bundle.unit-test";
		};
/* End PBXNativeTarget section */

/* Begin PBXProject section */
		1BE5E5AE1AAB36FA00B2F27B /* Project object */ = {
			isa = PBXProject;
			attributes = {
				LastUpgradeCheck = 0610;
				ORGANIZATIONNAME = "Daniel BRAUN";
				TargetAttributes = {
					1BE5E5B51AAB36FA00B2F27B = {
						CreatedOnToolsVersion = 6.1;
					};
					1BE5E5C81AAB36FB00B2F27B = {
						CreatedOnToolsVersion = 6.1;
						TestTargetID = 1BE5E5B51AAB36FA00B2F27B;
					};
				};
			};
			buildConfigurationList = 1BE5E5B11AAB36FA00B2F27B /* Build configuration list for PBXProject "Example1" */;
			compatibilityVersion = "Xcode 3.2";
			developmentRegion = English;
			hasScannedForEncodings = 0;
			knownRegions = (
				en,
				Base,
			);
			mainGroup = 1BE5E5AD1AAB36FA00B2F27B;
			productRefGroup = 1BE5E5B71AAB36FA00B2F27B /* Products */;
			projectDirPath = "";
			projectRoot = "";
			targets = (
				1BE5E5B51AAB36FA00B2F27B /* Example1 */,
				1BE5E5C81AAB36FB00B2F27B /* Example1Tests */,
			);
		};
/* End PBXProject section */

/* Begin PBXResourcesBuildPhase section */
		1BE5E5B41AAB36FA00B2F27B /* Resources */ = {
			isa = PBXResourcesBuildPhase;
			buildActionMask = 2147483647;
			files = (
				1BE5E5C11AAB36FA00B2F27B /* Images.xcassets in Resources */,
				1BE5E5C41AAB36FA00B2F27B /* MainMenu.xib in Resources */,
			);
			runOnlyForDeploymentPostprocessing = 0;
		};
		1BE5E5C71AAB36FB00B2F27B /* Resources */ = {
			isa = PBXResourcesBuildPhase;
			buildActionMask = 2147483647;
			files = (
			);
			runOnlyForDeploymentPostprocessing = 0;
		};
/* End PBXResourcesBuildPhase section */

/* Begin PBXSourcesBuildPhase section */
		1BE5E5B21AAB36FA00B2F27B /* Sources */ = {
			isa = PBXSourcesBuildPhase;
			buildActionMask = 2147483647;
			files = (
				1BE5E5BF1AAB36FA00B2F27B /* main.m in Sources */,
				1BE5E5BD1AAB36FA00B2F27B /* AppDelegate.m in Sources */,
				1BE5E6101AAB549000B2F27B /* LogTextField.m in Sources */,
			);
			runOnlyForDeploymentPostprocessing = 0;
		};
		1BE5E5C51AAB36FB00B2F27B /* Sources */ = {
			isa = PBXSourcesBuildPhase;
			buildActionMask = 2147483647;
			files = (
				1BE5E5D01AAB36FB00B2F27B /* Example1Tests.m in Sources */,
				1BE5E5DA1AAB3A2700B2F27B /* GUITestSupport.m in Sources */,
			);
			runOnlyForDeploymentPostprocessing = 0;
		};
/* End PBXSourcesBuildPhase section */

/* Begin PBXTargetDependency section */
		1BE5E5CB1AAB36FB00B2F27B /* PBXTargetDependency */ = {
			isa = PBXTargetDependency;
			target = 1BE5E5B51AAB36FA00B2F27B /* Example1 */;
			targetProxy = 1BE5E5CA1AAB36FB00B2F27B /* PBXContainerItemProxy */;
		};
/* End PBXTargetDependency section */

/* Begin PBXVariantGroup section */
		1BE5E5C21AAB36FA00B2F27B /* MainMenu.xib */ = {
			isa = PBXVariantGroup;
			children = (
				1BE5E5C31AAB36FA00B2F27B /* Base */,
			);
			name = MainMenu.xib;
			sourceTree = "<group>";
		};
/* End PBXVariantGroup section */

/* Begin XCBuildConfiguration section */
		1BE5E5D11AAB36FB00B2F27B /* Debug */ = {
			isa = XCBuildConfiguration;
			buildSettings = {
				ALWAYS_SEARCH_USER_PATHS = NO;
				CLANG_CXX_LANGUAGE_STANDARD = "gnu++0x";
				CLANG_CXX_LIBRARY = "libc++";
				CLANG_ENABLE_MODULES = YES;
				CLANG_ENABLE_OBJC_ARC = YES;
				CLANG_WARN_BOOL_CONVERSION = YES;
				CLANG_WARN_CONSTANT_CONVERSION = YES;
				CLANG_WARN_DIRECT_OBJC_ISA_USAGE = YES_ERROR;
				CLANG_WARN_EMPTY_BODY = YES;
				CLANG_WARN_ENUM_CONVERSION = YES;
				CLANG_WARN_INT_CONVERSION = YES;
				CLANG_WARN_OBJC_ROOT_CLASS = YES_ERROR;
				CLANG_WARN_UNREACHABLE_CODE = YES;
				CLANG_WARN__DUPLICATE_METHOD_MATCH = YES;
				CODE_SIGN_IDENTITY = "-";
				COPY_PHASE_STRIP = NO;
				ENABLE_STRICT_OBJC_MSGSEND = YES;
				GCC_C_LANGUAGE_STANDARD = gnu99;
				GCC_DYNAMIC_NO_PIC = NO;
				GCC_OPTIMIZATION_LEVEL = 0;
				GCC_PREPROCESSOR_DEFINITIONS = (
					"DEBUG=1",
					"$(inherited)",
				);
				GCC_SYMBOLS_PRIVATE_EXTERN = NO;
				GCC_WARN_64_TO_32_BIT_CONVERSION = YES;
				GCC_WARN_ABOUT_RETURN_TYPE = YES_ERROR;
				GCC_WARN_UNDECLARED_SELECTOR = YES;
				GCC_WARN_UNINITIALIZED_AUTOS = YES_AGGRESSIVE;
				GCC_WARN_UNUSED_FUNCTION = YES;
				GCC_WARN_UNUSED_VARIABLE = YES;
				MACOSX_DEPLOYMENT_TARGET = 10.10;
				MTL_ENABLE_DEBUG_INFO = YES;
				ONLY_ACTIVE_ARCH = YES;
				SDKROOT = macosx;
			};
			name = Debug;
		};
		1BE5E5D21AAB36FB00B2F27B /* Release */ = {
			isa = XCBuildConfiguration;
			buildSettings = {
				ALWAYS_SEARCH_USER_PATHS = NO;
				CLANG_CXX_LANGUAGE_STANDARD = "gnu++0x";
				CLANG_CXX_LIBRARY = "libc++";
				CLANG_ENABLE_MODULES = YES;
				CLANG_ENABLE_OBJC_ARC = YES;
				CLANG_WARN_BOOL_CONVERSION = YES;
				CLANG_WARN_CONSTANT_CONVERSION = YES;
				CLANG_WARN_DIRECT_OBJC_ISA_USAGE = YES_ERROR;
				CLANG_WARN_EMPTY_BODY = YES;
				CLANG_WARN_ENUM_CONVERSION = YES;
				CLANG_WARN_INT_CONVERSION = YES;
				CLANG_WARN_OBJC_ROOT_CLASS = YES_ERROR;
				CLANG_WARN_UNREACHABLE_CODE = YES;
				CLANG_WARN__DUPLICATE_METHOD_MATCH = YES;
				CODE_SIGN_IDENTITY = "-";
				COPY_PHASE_STRIP = YES;
				DEBUG_INFORMATION_FORMAT = "dwarf-with-dsym";
				ENABLE_NS_ASSERTIONS = NO;
				ENABLE_STRICT_OBJC_MSGSEND = YES;
				GCC_C_LANGUAGE_STANDARD = gnu99;
				GCC_WARN_64_TO_32_BIT_CONVERSION = YES;
				GCC_WARN_ABOUT_RETURN_TYPE = YES_ERROR;
				GCC_WARN_UNDECLARED_SELECTOR = YES;
				GCC_WARN_UNINITIALIZED_AUTOS = YES_AGGRESSIVE;
				GCC_WARN_UNUSED_FUNCTION = YES;
				GCC_WARN_UNUSED_VARIABLE = YES;
				MACOSX_DEPLOYMENT_TARGET = 10.10;
				MTL_ENABLE_DEBUG_INFO = NO;
				SDKROOT = macosx;
			};
			name = Release;
		};
		1BE5E5D41AAB36FB00B2F27B /* Debug */ = {
			isa = XCBuildConfiguration;
			buildSettings = {
				ASSETCATALOG_COMPILER_APPICON_NAME = AppIcon;
				COMBINE_HIDPI_IMAGES = YES;
				INFOPLIST_FILE = Example1/Info.plist;
				LD_RUNPATH_SEARCH_PATHS = "$(inherited) @executable_path/../Frameworks";
				PRODUCT_NAME = "$(TARGET_NAME)";
			};
			name = Debug;
		};
		1BE5E5D51AAB36FB00B2F27B /* Release */ = {
			isa = XCBuildConfiguration;
			buildSettings = {
				ASSETCATALOG_COMPILER_APPICON_NAME = AppIcon;
				COMBINE_HIDPI_IMAGES = YES;
				INFOPLIST_FILE = Example1/Info.plist;
				LD_RUNPATH_SEARCH_PATHS = "$(inherited) @executable_path/../Frameworks";
				PRODUCT_NAME = "$(TARGET_NAME)";
			};
			name = Release;
		};
		1BE5E5D71AAB36FB00B2F27B /* Debug */ = {
			isa = XCBuildConfiguration;
			buildSettings = {
				BUNDLE_LOADER = "$(TEST_HOST)";
				COMBINE_HIDPI_IMAGES = YES;
				FRAMEWORK_SEARCH_PATHS = (
					"$(DEVELOPER_FRAMEWORKS_DIR)",
					"$(inherited)",
				);
				GCC_PREPROCESSOR_DEFINITIONS = (
					"DEBUG=1",
					"$(inherited)",
				);
				INFOPLIST_FILE = Example1Tests/Info.plist;
				LD_RUNPATH_SEARCH_PATHS = "$(inherited) @executable_path/../Frameworks @loader_path/../Frameworks";
				PRODUCT_NAME = "$(TARGET_NAME)";
				TEST_HOST = "$(BUILT_PRODUCTS_DIR)/Example1.app/Contents/MacOS/Example1";
			};
			name = Debug;
		};
		1BE5E5D81AAB36FB00B2F27B /* Release */ = {
			isa = XCBuildConfiguration;
			buildSettings = {
				BUNDLE_LOADER = "$(TEST_HOST)";
				COMBINE_HIDPI_IMAGES = YES;
				FRAMEWORK_SEARCH_PATHS = (
					"$(DEVELOPER_FRAMEWORKS_DIR)",
					"$(inherited)",
				);
				INFOPLIST_FILE = Example1Tests/Info.plist;
				LD_RUNPATH_SEARCH_PATHS = "$(inherited) @executable_path/../Frameworks @loader_path/../Frameworks";
				PRODUCT_NAME = "$(TARGET_NAME)";
				TEST_HOST = "$(BUILT_PRODUCTS_DIR)/Example1.app/Contents/MacOS/Example1";
			};
			name = Release;
		};
/* End XCBuildConfiguration section */

/* Begin XCConfigurationList section */
		1BE5E5B11AAB36FA00B2F27B /* Build configuration list for PBXProject "Example1" */ = {
			isa = XCConfigurationList;
			buildConfigurations = (
				1BE5E5D11AAB36FB00B2F27B /* Debug */,
				1BE5E5D21AAB36FB00B2F27B /* Release */,
			);
			defaultConfigurationIsVisible = 0;
			defaultConfigurationName = Release;
		};
		1BE5E5D31AAB36FB00B2F27B /* Build configuration list for PBXNativeTarget "Example1" */ = {
			isa = XCConfigurationList;
			buildConfigurations = (
				1BE5E5D41AAB36FB00B2F27B /* Debug */,
				1BE5E5D51AAB36FB00B2F27B /* Release */,
			);
			defaultConfigurationIsVisible = 0;
			defaultConfigurationName = Release;
		};
		1BE5E5D61AAB36FB00B2F27B /* Build configuration list for PBXNativeTarget "Example1Tests" */ = {
			isa = XCConfigurationList;
			buildConfigurations = (
				1BE5E5D71AAB36FB00B2F27B /* Debug */,
				1BE5E5D81AAB36FB00B2F27B /* Release */,
			);
			defaultConfigurationIsVisible = 0;
			defaultConfigurationName = Release;
		};
/* End XCConfigurationList section */
	};
	rootObject = 1BE5E5AE1AAB36FA00B2F27B /* Project object */;
}
